
Microsoft Visual Studio Solution File, Format Version 12.00
# Visual Studio Version 17
VisualStudioVersion = 17.14.36202.13 d17.14
MinimumVisualStudioVersion = 10.0.40219.1
Project("{FAE04EC0-301F-11D3-BF4B-00C04F79EFBC}") = "qbit1", "qbit1.csproj", "{85A0082E-39D8-4790-BB30-CFCB67177EB2}"
EndProject
Project("{FAE04EC0-301F-11D3-BF4B-00C04F79EFBC}") = "qbit2", "..\qbit2\qbit2.csproj", "{6BA0A723-605B-4695-AB48-B80DE29BDF68}"
EndProject
Project("{FAE04EC0-301F-11D3-BF4B-00C04F79EFBC}") = "qbit3", "..\qbit3\qbit3.csproj", "{85274EA9-6EC8-409D-9F6B-E4FBFEFA8BCF}"
EndProject
Project("{FAE04EC0-301F-11D3-BF4B-00C04F79EFBC}") = "qbit4", "..\qbit4\qbit4.csproj", "{97FFB0B3-CC2C-49A3-AAC2-451A126DB9E6}"
EndProject
Project("{FAE04EC0-301F-11D3-BF4B-00C04F79EFBC}") = "qbit5", "..\qbit5\qbit5.csproj", "{735551AF-95FF-4D1E-821B-7317786A997B}"
EndProject
Project("{FAE04EC0-301F-11D3-BF4B-00C04F79EFBC}") = "qbit6", "..\qbit6\qbit6.csproj", "{0A8A6D42-AEB8-4FD1-A091-ABA3EA5B3FBF}"
EndProject
Project("{FAE04EC0-301F-11D3-BF4B-00C04F79EFBC}") = "qbit7", "..\qbit7\qbit7.csproj", "{434FE10A-BC2B-4ED8-A9BE-A570354BB07A}"
EndProject
Project("{FAE04EC0-301F-11D3-BF4B-00C04F79EFBC}") = "qbit8", "..\qbit8\qbit8.csproj", "{0AE60657-A3DA-4F17-AEC1-CCD14C8C2ACA}"
EndProject
Project("{FAE04EC0-301F-11D3-BF4B-00C04F79EFBC}") = "qbit9", "..\qbit9\qbit9.csproj", "{D1FAD012-F0BA-48E7-BF5B-EAB43BB45866}"
EndProject
Project("{FAE04EC0-301F-11D3-BF4B-00C04F79EFBC}") = "qbit91", "..\qbit10\qbit91.csproj", "{E6FFED66-0B65-4462-BC7B-92CDABE4A9F9}"
EndProject
Project("{FAE04EC0-301F-11D3-BF4B-00C04F79EFBC}") = "qbit92", "..\qbit92\qbit92.csproj", "{0174A03B-B266-42D1-8B8B-F7F2DCDBD8B5}"
EndProject
Project("{FAE04EC0-301F-11D3-BF4B-00C04F79EFBC}") = "qbit93", "..\qbit93\qbit93.csproj", "{41C53ACA-9395-4B0B-AB6C-7C25106C99B2}"
EndProject
Project("{FAE04EC0-301F-11D3-BF4B-00C04F79EFBC}") = "qbit94", "..\qbit94\qbit94.csproj", "{18854A71-2626-4A7D-9CF3-16A4829A13DE}"
EndProject
Project("{FAE04EC0-301F-11D3-BF4B-00C04F79EFBC}") = "qbit95", "..\qbit95\qbit95.csproj", "{CB1A6CFA-73CF-4AA2-B185-417CAD0DC201}"
EndProject
Project("{FAE04EC0-301F-11D3-BF4B-00C04F79EFBC}") = "qbit96", "..\qbit96\qbit96.csproj", "{A3CFCA77-D4EC-49CD-81B9-5142AE7AAD84}"
EndProject
Project("{FAE04EC0-301F-11D3-BF4B-00C04F79EFBC}") = "qbit97", "..\qbit97\qbit97.csproj", "{9B7CD012-6976-48D5-BCF8-981AC84B9024}"
EndProject
Project("{FAE04EC0-301F-11D3-BF4B-00C04F79EFBC}") = "qbit98", "..\qbit98\qbit98.csproj", "{E8436088-17D0-49F5-92CF-355849D3E065}"
EndProject
Project("{FAE04EC0-301F-11D3-BF4B-00C04F79EFBC}") = "qbit99", "..\qbit99\qbit99.csproj", "{2E50A766-353F-472D-828E-3980E82ED04E}"
EndProject
Project("{FAE04EC0-301F-11D3-BF4B-00C04F79EFBC}") = "qbit991", "..\qbit991\qbit991.csproj", "{C74D1944-C2F5-429E-AA5D-D38E1AC23062}"
EndProject
Project("{FAE04EC0-301F-11D3-BF4B-00C04F79EFBC}") = "qbit992", "..\qbit992\qbit992.csproj", "{260E241C-0CB8-42FA-BF7D-2EDB111F62BF}"
EndProject
Project("{FAE04EC0-301F-11D3-BF4B-00C04F79EFBC}") = "qbit993", "..\qbit993\qbit993.csproj", "{8A4AA6E3-E5EC-46EA-BE0F-2B921A2E0236}"
EndProject
Project("{FAE04EC0-301F-11D3-BF4B-00C04F79EFBC}") = "qbit994", "..\qbit994\qbit994.csproj", "{4B5D0DEB-DDCB-4D46-A923-F6A21896785C}"
EndProject
Project("{FAE04EC0-301F-11D3-BF4B-00C04F79EFBC}") = "qbit995", "..\qbit995\qbit995.csproj", "{D4C012C5-899D-4F63-A52C-18AA3CDE10F6}"
EndProject
Project("{FAE04EC0-301F-11D3-BF4B-00C04F79EFBC}") = "qbit996", "..\qbit996\qbit996.csproj", "{0C8F9BF8-041E-4ABC-AB1E-C06EF7CED058}"
EndProject
Project("{FAE04EC0-301F-11D3-BF4B-00C04F79EFBC}") = "qbit997", "..\qbit997\qbit997.csproj", "{D7DD8B43-B1C1-44A4-9C9A-FE3949281D8F}"
EndProject
Global
	GlobalSection(SolutionConfigurationPlatforms) = preSolution
		Debug|Any CPU = Debug|Any CPU
		Release|Any CPU = Release|Any CPU
	EndGlobalSection
	GlobalSection(ProjectConfigurationPlatforms) = postSolution
		{85A0082E-39D8-4790-BB30-CFCB67177EB2}.Debug|Any CPU.ActiveCfg = Debug|Any CPU
		{85A0082E-39D8-4790-BB30-CFCB67177EB2}.Debug|Any CPU.Build.0 = Debug|Any CPU
		{85A0082E-39D8-4790-BB30-CFCB67177EB2}.Release|Any CPU.ActiveCfg = Release|Any CPU
		{85A0082E-39D8-4790-BB30-CFCB67177EB2}.Release|Any CPU.Build.0 = Release|Any CPU
		{6BA0A723-605B-4695-AB48-B80DE29BDF68}.Debug|Any CPU.ActiveCfg = Debug|Any CPU
		{6BA0A723-605B-4695-AB48-B80DE29BDF68}.Debug|Any CPU.Build.0 = Debug|Any CPU
		{6BA0A723-605B-4695-AB48-B80DE29BDF68}.Release|Any CPU.ActiveCfg = Release|Any CPU
		{6BA0A723-605B-4695-AB48-B80DE29BDF68}.Release|Any CPU.Build.0 = Release|Any CPU
		{85274EA9-6EC8-409D-9F6B-E4FBFEFA8BCF}.Debug|Any CPU.ActiveCfg = Debug|Any CPU
		{85274EA9-6EC8-409D-9F6B-E4FBFEFA8BCF}.Debug|Any CPU.Build.0 = Debug|Any CPU
		{85274EA9-6EC8-409D-9F6B-E4FBFEFA8BCF}.Release|Any CPU.ActiveCfg = Release|Any CPU
		{85274EA9-6EC8-409D-9F6B-E4FBFEFA8BCF}.Release|Any CPU.Build.0 = Release|Any CPU
		{97FFB0B3-CC2C-49A3-AAC2-451A126DB9E6}.Debug|Any CPU.ActiveCfg = Debug|Any CPU
		{97FFB0B3-CC2C-49A3-AAC2-451A126DB9E6}.Debug|Any CPU.Build.0 = Debug|Any CPU
		{97FFB0B3-CC2C-49A3-AAC2-451A126DB9E6}.Release|Any CPU.ActiveCfg = Release|Any CPU
		{97FFB0B3-CC2C-49A3-AAC2-451A126DB9E6}.Release|Any CPU.Build.0 = Release|Any CPU
		{735551AF-95FF-4D1E-821B-7317786A997B}.Debug|Any CPU.ActiveCfg = Debug|Any CPU
		{735551AF-95FF-4D1E-821B-7317786A997B}.Debug|Any CPU.Build.0 = Debug|Any CPU
		{735551AF-95FF-4D1E-821B-7317786A997B}.Release|Any CPU.ActiveCfg = Release|Any CPU
		{735551AF-95FF-4D1E-821B-7317786A997B}.Release|Any CPU.Build.0 = Release|Any CPU
		{0A8A6D42-AEB8-4FD1-A091-ABA3EA5B3FBF}.Debug|Any CPU.ActiveCfg = Debug|Any CPU
		{0A8A6D42-AEB8-4FD1-A091-ABA3EA5B3FBF}.Debug|Any CPU.Build.0 = Debug|Any CPU
		{0A8A6D42-AEB8-4FD1-A091-ABA3EA5B3FBF}.Release|Any CPU.ActiveCfg = Release|Any CPU
		{0A8A6D42-AEB8-4FD1-A091-ABA3EA5B3FBF}.Release|Any CPU.Build.0 = Release|Any CPU
		{434FE10A-BC2B-4ED8-A9BE-A570354BB07A}.Debug|Any CPU.ActiveCfg = Debug|Any CPU
		{434FE10A-BC2B-4ED8-A9BE-A570354BB07A}.Debug|Any CPU.Build.0 = Debug|Any CPU
		{434FE10A-BC2B-4ED8-A9BE-A570354BB07A}.Release|Any CPU.ActiveCfg = Release|Any CPU
		{434FE10A-BC2B-4ED8-A9BE-A570354BB07A}.Release|Any CPU.Build.0 = Release|Any CPU
		{0AE60657-A3DA-4F17-AEC1-CCD14C8C2ACA}.Debug|Any CPU.ActiveCfg = Debug|Any CPU
		{0AE60657-A3DA-4F17-AEC1-CCD14C8C2ACA}.Debug|Any CPU.Build.0 = Debug|Any CPU
		{0AE60657-A3DA-4F17-AEC1-CCD14C8C2ACA}.Release|Any CPU.ActiveCfg = Release|Any CPU
		{0AE60657-A3DA-4F17-AEC1-CCD14C8C2ACA}.Release|Any CPU.Build.0 = Release|Any CPU
		{D1FAD012-F0BA-48E7-BF5B-EAB43BB45866}.Debug|Any CPU.ActiveCfg = Debug|Any CPU
		{D1FAD012-F0BA-48E7-BF5B-EAB43BB45866}.Debug|Any CPU.Build.0 = Debug|Any CPU
		{D1FAD012-F0BA-48E7-BF5B-EAB43BB45866}.Release|Any CPU.ActiveCfg = Release|Any CPU
		{D1FAD012-F0BA-48E7-BF5B-EAB43BB45866}.Release|Any CPU.Build.0 = Release|Any CPU
		{E6FFED66-0B65-4462-BC7B-92CDABE4A9F9}.Debug|Any CPU.ActiveCfg = Debug|Any CPU
		{E6FFED66-0B65-4462-BC7B-92CDABE4A9F9}.Debug|Any CPU.Build.0 = Debug|Any CPU
		{E6FFED66-0B65-4462-BC7B-92CDABE4A9F9}.Release|Any CPU.ActiveCfg = Release|Any CPU
		{E6FFED66-0B65-4462-BC7B-92CDABE4A9F9}.Release|Any CPU.Build.0 = Release|Any CPU
		{0174A03B-B266-42D1-8B8B-F7F2DCDBD8B5}.Debug|Any CPU.ActiveCfg = Debug|Any CPU
		{0174A03B-B266-42D1-8B8B-F7F2DCDBD8B5}.Debug|Any CPU.Build.0 = Debug|Any CPU
		{0174A03B-B266-42D1-8B8B-F7F2DCDBD8B5}.Release|Any CPU.ActiveCfg = Release|Any CPU
		{0174A03B-B266-42D1-8B8B-F7F2DCDBD8B5}.Release|Any CPU.Build.0 = Release|Any CPU
		{41C53ACA-9395-4B0B-AB6C-7C25106C99B2}.Debug|Any CPU.ActiveCfg = Debug|Any CPU
		{41C53ACA-9395-4B0B-AB6C-7C25106C99B2}.Debug|Any CPU.Build.0 = Debug|Any CPU
		{41C53ACA-9395-4B0B-AB6C-7C25106C99B2}.Release|Any CPU.ActiveCfg = Release|Any CPU
		{41C53ACA-9395-4B0B-AB6C-7C25106C99B2}.Release|Any CPU.Build.0 = Release|Any CPU
		{18854A71-2626-4A7D-9CF3-16A4829A13DE}.Debug|Any CPU.ActiveCfg = Debug|Any CPU
		{18854A71-2626-4A7D-9CF3-16A4829A13DE}.Debug|Any CPU.Build.0 = Debug|Any CPU
		{18854A71-2626-4A7D-9CF3-16A4829A13DE}.Release|Any CPU.ActiveCfg = Release|Any CPU
		{18854A71-2626-4A7D-9CF3-16A4829A13DE}.Release|Any CPU.Build.0 = Release|Any CPU
		{CB1A6CFA-73CF-4AA2-B185-417CAD0DC201}.Debug|Any CPU.ActiveCfg = Debug|Any CPU
		{CB1A6CFA-73CF-4AA2-B185-417CAD0DC201}.Debug|Any CPU.Build.0 = Debug|Any CPU
		{CB1A6CFA-73CF-4AA2-B185-417CAD0DC201}.Release|Any CPU.ActiveCfg = Release|Any CPU
		{CB1A6CFA-73CF-4AA2-B185-417CAD0DC201}.Release|Any CPU.Build.0 = Release|Any CPU
		{A3CFCA77-D4EC-49CD-81B9-5142AE7AAD84}.Debug|Any CPU.ActiveCfg = Debug|Any CPU
		{A3CFCA77-D4EC-49CD-81B9-5142AE7AAD84}.Debug|Any CPU.Build.0 = Debug|Any CPU
		{A3CFCA77-D4EC-49CD-81B9-5142AE7AAD84}.Release|Any CPU.ActiveCfg = Release|Any CPU
		{A3CFCA77-D4EC-49CD-81B9-5142AE7AAD84}.Release|Any CPU.Build.0 = Release|Any CPU
		{9B7CD012-6976-48D5-BCF8-981AC84B9024}.Debug|Any CPU.ActiveCfg = Debug|Any CPU
		{9B7CD012-6976-48D5-BCF8-981AC84B9024}.Debug|Any CPU.Build.0 = Debug|Any CPU
		{9B7CD012-6976-48D5-BCF8-981AC84B9024}.Release|Any CPU.ActiveCfg = Release|Any CPU
		{9B7CD012-6976-48D5-BCF8-981AC84B9024}.Release|Any CPU.Build.0 = Release|Any CPU
		{E8436088-17D0-49F5-92CF-355849D3E065}.Debug|Any CPU.ActiveCfg = Debug|Any CPU
		{E8436088-17D0-49F5-92CF-355849D3E065}.Debug|Any CPU.Build.0 = Debug|Any CPU
		{E8436088-17D0-49F5-92CF-355849D3E065}.Release|Any CPU.ActiveCfg = Release|Any CPU
		{E8436088-17D0-49F5-92CF-355849D3E065}.Release|Any CPU.Build.0 = Release|Any CPU
		{2E50A766-353F-472D-828E-3980E82ED04E}.Debug|Any CPU.ActiveCfg = Debug|Any CPU
		{2E50A766-353F-472D-828E-3980E82ED04E}.Debug|Any CPU.Build.0 = Debug|Any CPU
		{2E50A766-353F-472D-828E-3980E82ED04E}.Release|Any CPU.ActiveCfg = Release|Any CPU
		{2E50A766-353F-472D-828E-3980E82ED04E}.Release|Any CPU.Build.0 = Release|Any CPU
		{C74D1944-C2F5-429E-AA5D-D38E1AC23062}.Debug|Any CPU.ActiveCfg = Debug|Any CPU
		{C74D1944-C2F5-429E-AA5D-D38E1AC23062}.Debug|Any CPU.Build.0 = Debug|Any CPU
		{C74D1944-C2F5-429E-AA5D-D38E1AC23062}.Release|Any CPU.ActiveCfg = Release|Any CPU
		{C74D1944-C2F5-429E-AA5D-D38E1AC23062}.Release|Any CPU.Build.0 = Release|Any CPU
		{260E241C-0CB8-42FA-BF7D-2EDB111F62BF}.Debug|Any CPU.ActiveCfg = Debug|Any CPU
		{260E241C-0CB8-42FA-BF7D-2EDB111F62BF}.Debug|Any CPU.Build.0 = Debug|Any CPU
		{260E241C-0CB8-42FA-BF7D-2EDB111F62BF}.Release|Any CPU.ActiveCfg = Release|Any CPU
		{260E241C-0CB8-42FA-BF7D-2EDB111F62BF}.Release|Any CPU.Build.0 = Release|Any CPU
		{8A4AA6E3-E5EC-46EA-BE0F-2B921A2E0236}.Debug|Any CPU.ActiveCfg = Debug|Any CPU
		{8A4AA6E3-E5EC-46EA-BE0F-2B921A2E0236}.Debug|Any CPU.Build.0 = Debug|Any CPU
		{8A4AA6E3-E5EC-46EA-BE0F-2B921A2E0236}.Release|Any CPU.ActiveCfg = Release|Any CPU
		{8A4AA6E3-E5EC-46EA-BE0F-2B921A2E0236}.Release|Any CPU.Build.0 = Release|Any CPU
		{4B5D0DEB-DDCB-4D46-A923-F6A21896785C}.Debug|Any CPU.ActiveCfg = Debug|Any CPU
		{4B5D0DEB-DDCB-4D46-A923-F6A21896785C}.Debug|Any CPU.Build.0 = Debug|Any CPU
		{4B5D0DEB-DDCB-4D46-A923-F6A21896785C}.Release|Any CPU.ActiveCfg = Release|Any CPU
		{4B5D0DEB-DDCB-4D46-A923-F6A21896785C}.Release|Any CPU.Build.0 = Release|Any CPU
		{D4C012C5-899D-4F63-A52C-18AA3CDE10F6}.Debug|Any CPU.ActiveCfg = Debug|Any CPU
		{D4C012C5-899D-4F63-A52C-18AA3CDE10F6}.Debug|Any CPU.Build.0 = Debug|Any CPU
		{D4C012C5-899D-4F63-A52C-18AA3CDE10F6}.Release|Any CPU.ActiveCfg = Release|Any CPU
		{D4C012C5-899D-4F63-A52C-18AA3CDE10F6}.Release|Any CPU.Build.0 = Release|Any CPU
		{0C8F9BF8-041E-4ABC-AB1E-C06EF7CED058}.Debug|Any CPU.ActiveCfg = Debug|Any CPU
		{0C8F9BF8-041E-4ABC-AB1E-C06EF7CED058}.Debug|Any CPU.Build.0 = Debug|Any CPU
		{0C8F9BF8-041E-4ABC-AB1E-C06EF7CED058}.Release|Any CPU.ActiveCfg = Release|Any CPU
		{0C8F9BF8-041E-4ABC-AB1E-C06EF7CED058}.Release|Any CPU.Build.0 = Release|Any CPU
		{D7DD8B43-B1C1-44A4-9C9A-FE3949281D8F}.Debug|Any CPU.ActiveCfg = Debug|Any CPU
		{D7DD8B43-B1C1-44A4-9C9A-FE3949281D8F}.Debug|Any CPU.Build.0 = Debug|Any CPU
		{D7DD8B43-B1C1-44A4-9C9A-FE3949281D8F}.Release|Any CPU.ActiveCfg = Release|Any CPU
		{D7DD8B43-B1C1-44A4-9C9A-FE3949281D8F}.Release|Any CPU.Build.0 = Release|Any CPU
	EndGlobalSection
	GlobalSection(SolutionProperties) = preSolution
		HideSolutionNode = FALSE
	EndGlobalSection
	GlobalSection(ExtensibilityGlobals) = postSolution
		SolutionGuid = {8B9A4E44-4DE2-4553-9F47-DB8A8492CB59}
	EndGlobalSection
EndGlobal
